// !$*UTF8*$!
{
	archiveVersion = 1;
	classes = {
	};
	objectVersion = 46;
	objects = {

/* Begin PBXBuildFile section */
		AA3DF27E1D1C67BC000681CB /* Mouse.m in Sources */ = {isa = PBXBuildFile; fileRef = AA3DF27D1D1C67BC000681CB /* Mouse.m */; };
		AA3DF2811D1C67CA000681CB /* MazePoint.m in Sources */ = {isa = PBXBuildFile; fileRef = AA3DF2801D1C67CA000681CB /* MazePoint.m */; };
		AA3DF2841D1C6E9C000681CB /* Maze.m in Sources */ = {isa = PBXBuildFile; fileRef = AA3DF2831D1C6E9C000681CB /* Maze.m */; };
		AAE0FF4C1D1B34DC0075D979 /* main.m in Sources */ = {isa = PBXBuildFile; fileRef = AAE0FF4B1D1B34DC0075D979 /* main.m */; };
/* End PBXBuildFile section */

/* Begin PBXCopyFilesBuildPhase section */
		AAE0FF461D1B34DC0075D979 /* CopyFiles */ = {
			isa = PBXCopyFilesBuildPhase;
			buildActionMask = 2147483647;
			dstPath = /usr/share/man/man1/;
			dstSubfolderSpec = 0;
			files = (
			);
			runOnlyForDeploymentPostprocessing = 1;
		};
/* End PBXCopyFilesBuildPhase section */

/* Begin PBXFileReference section */
		AA3DF27C1D1C67BC000681CB /* Mouse.h */ = {isa = PBXFileReference; fileEncoding = 4; lastKnownFileType = sourcecode.c.h; path = Mouse.h; sourceTree = "<group>"; };
		AA3DF27D1D1C67BC000681CB /* Mouse.m */ = {isa = PBXFileReference; fileEncoding = 4; lastKnownFileType = sourcecode.c.objc; path = Mouse.m; sourceTree = "<group>"; };
		AA3DF27F1D1C67CA000681CB /* MazePoint.h */ = {isa = PBXFileReference; fileEncoding = 4; lastKnownFileType = sourcecode.c.h; path = MazePoint.h; sourceTree = "<group>"; };
		AA3DF2801D1C67CA000681CB /* MazePoint.m */ = {isa = PBXFileReference; fileEncoding = 4; lastKnownFileType = sourcecode.c.objc; path = MazePoint.m; sourceTree = "<group>"; };
		AA3DF2821D1C6E9C000681CB /* Maze.h */ = {isa = PBXFileReference; fileEncoding = 4; lastKnownFileType = sourcecode.c.h; path = Maze.h; sourceTree = "<group>"; };
		AA3DF2831D1C6E9C000681CB /* Maze.m */ = {isa = PBXFileReference; fileEncoding = 4; lastKnownFileType = sourcecode.c.objc; path = Maze.m; sourceTree = "<group>"; };
		AAE0FF481D1B34DC0075D979 /* MouseMaze */ = {isa = PBXFileReference; explicitFileType = "compiled.mach-o.executable"; includeInIndex = 0; path = MouseMaze; sourceTree = BUILT_PRODUCTS_DIR; };
		AAE0FF4B1D1B34DC0075D979 /* main.m */ = {isa = PBXFileReference; lastKnownFileType = sourcecode.c.objc; path = main.m; sourceTree = "<group>"; };
/* End PBXFileReference section */

/* Begin PBXFrameworksBuildPhase section */
		AAE0FF451D1B34DC0075D979 /* Frameworks */ = {
			isa = PBXFrameworksBuildPhase;
			buildActionMask = 2147483647;
			files = (
			);
			runOnlyForDeploymentPostprocessing = 0;
		};
/* End PBXFrameworksBuildPhase section */

/* Begin PBXGroup section */
		AAE0FF3F1D1B34DC0075D979 = {
			isa = PBXGroup;
			children = (
				AAE0FF4A1D1B34DC0075D979 /* MouseMaze */,
				AAE0FF491D1B34DC0075D979 /* Products */,
			);
			sourceTree = "<group>";
		};
		AAE0FF491D1B34DC0075D979 /* Products */ = {
			isa = PBXGroup;
			children = (
				AAE0FF481D1B34DC0075D979 /* MouseMaze */,
			);
			name = Products;
			sourceTree = "<group>";
		};
		AAE0FF4A1D1B34DC0075D979 /* MouseMaze */ = {
			isa = PBXGroup;
			children = (
				AA3DF27C1D1C67BC000681CB /* Mouse.h */,
				AA3DF27D1D1C67BC000681CB /* Mouse.m */,
				AA3DF27F1D1C67CA000681CB /* MazePoint.h */,
				AA3DF2801D1C67CA000681CB /* MazePoint.m */,
				AA3DF2821D1C6E9C000681CB /* Maze.h */,
				AA3DF2831D1C6E9C000681CB /* Maze.m */,
				AAE0FF4B1D1B34DC0075D979 /* main.m */,
			);
			path = MouseMaze;
			sourceTree = "<group>";
		};
/* End PBXGroup section */

/* Begin PBXNativeTarget section */
		AAE0FF471D1B34DC0075D979 /* MouseMaze */ = {
			isa = PBXNativeTarget;
			buildConfigurationList = AAE0FF4F1D1B34DC0075D979 /* Build configuration list for PBXNativeTarget "MouseMaze" */;
			buildPhases = (
				AAE0FF441D1B34DC0075D979 /* Sources */,
				AAE0FF451D1B34DC0075D979 /* Frameworks */,
				AAE0FF461D1B34DC0075D979 /* CopyFiles */,
			);
			buildRules = (
			);
			dependencies = (
			);
			name = MouseMaze;
			productName = MouseMaze;
			productReference = AAE0FF481D1B34DC0075D979 /* MouseMaze */;
			productType = "com.apple.product-type.tool";
		};
/* End PBXNativeTarget section */

/* Begin PBXProject section */
		AAE0FF401D1B34DC0075D979 /* Project object */ = {
			isa = PBXProject;
			attributes = {
				LastUpgradeCheck = 0730;
				ORGANIZATIONNAME = TurnToTech;
				TargetAttributes = {
					AAE0FF471D1B34DC0075D979 = {
						CreatedOnToolsVersion = 7.3.1;
					};
				};
			};
			buildConfigurationList = AAE0FF431D1B34DC0075D979 /* Build configuration list for PBXProject "MouseMaze" */;
			compatibilityVersion = "Xcode 3.2";
			developmentRegion = English;
			hasScannedForEncodings = 0;
			knownRegions = (
				en,
			);
			mainGroup = AAE0FF3F1D1B34DC0075D979;
			productRefGroup = AAE0FF491D1B34DC0075D979 /* Products */;
			projectDirPath = "";
			projectRoot = "";
			targets = (
				AAE0FF471D1B34DC0075D979 /* MouseMaze */,
			);
		};
/* End PBXProject section */

/* Begin PBXSourcesBuildPhase section */
		AAE0FF441D1B34DC0075D979 /* Sources */ = {
			isa = PBXSourcesBuildPhase;
			buildActionMask = 2147483647;
			files = (
				AAE0FF4C1D1B34DC0075D979 /* main.m in Sources */,
				AA3DF27E1D1C67BC000681CB /* Mouse.m in Sources */,
				AA3DF2841D1C6E9C000681CB /* Maze.m in Sources */,
				AA3DF2811D1C67CA000681CB /* MazePoint.m in Sources */,
			);
			runOnlyForDeploymentPostprocessing = 0;
		};
/* End PBXSourcesBuildPhase section */

/* Begin XCBuildConfiguration section */
		AAE0FF4D1D1B34DC0075D979 /* Debug */ = {
			isa = XCBuildConfiguration;
			buildSettings = {
				ALWAYS_SEARCH_USER_PATHS = NO;
				CLANG_ANALYZER_NONNULL = YES;
				CLANG_CXX_LANGUAGE_STANDARD = "gnu++0x";
				CLANG_CXX_LIBRARY = "libc++";
				CLANG_ENABLE_MODULES = YES;
				CLANG_ENABLE_OBJC_ARC = YES;
				CLANG_WARN_BOOL_CONVERSION = YES;
				CLANG_WARN_CONSTANT_CONVERSION = YES;
				CLANG_WARN_DIRECT_OBJC_ISA_USAGE = YES_ERROR;
				CLANG_WARN_EMPTY_BODY = YES;
				CLANG_WARN_ENUM_CONVERSION = YES;
				CLANG_WARN_INT_CONVERSION = YES;
				CLANG_WARN_OBJC_ROOT_CLASS = YES_ERROR;
				CLANG_WARN_UNREACHABLE_CODE = YES;
				CLANG_WARN__DUPLICATE_METHOD_MATCH = YES;
				CODE_SIGN_IDENTITY = "-";
				COPY_PHASE_STRIP = NO;
				DEBUG_INFORMATION_FORMAT = dwarf;
				ENABLE_STRICT_OBJC_MSGSEND = YES;
				ENABLE_TESTABILITY = YES;
				GCC_C_LANGUAGE_STANDARD = gnu99;
				GCC_DYNAMIC_NO_PIC = NO;
				GCC_NO_COMMON_BLOCKS = YES;
				GCC_OPTIMIZATION_LEVEL = 0;
				GCC_PREPROCESSOR_DEFINITIONS = (
					"DEBUG=1",
					"$(inherited)",
				);
				GCC_WARN_64_TO_32_BIT_CONVERSION = YES;
				GCC_WARN_ABOUT_RETURN_TYPE = YES_ERROR;
				GCC_WARN_UNDECLARED_SELECTOR = YES;
				GCC_WARN_UNINITIALIZED_AUTOS = YES_AGGRESSIVE;
				GCC_WARN_UNUSED_FUNCTION = YES;
				GCC_WARN_UNUSED_VARIABLE = YES;
				MACOSX_DEPLOYMENT_TARGET = 10.11;
				MTL_ENABLE_DEBUG_INFO = YES;
				ONLY_ACTIVE_ARCH = YES;
				SDKROOT = macosx;
			};
			name = Debug;
		};
		AAE0FF4E1D1B34DC0075D979 /* Release */ = {
			isa = XCBuildConfiguration;
			buildSettings = {
				ALWAYS_SEARCH_USER_PATHS = NO;
				CLANG_ANALYZER_NONNULL = YES;
				CLANG_CXX_LANGUAGE_STANDARD = "gnu++0x";
				CLANG_CXX_LIBRARY = "libc++";
				CLANG_ENABLE_MODULES = YES;
				CLANG_ENABLE_OBJC_ARC = YES;
				CLANG_WARN_BOOL_CONVERSION = YES;
				CLANG_WARN_CONSTANT_CONVERSION = YES;
				CLANG_WARN_DIRECT_OBJC_ISA_USAGE = YES_ERROR;
				CLANG_WARN_EMPTY_BODY = YES;
				CLANG_WARN_ENUM_CONVERSION = YES;
				CLANG_WARN_INT_CONVERSION = YES;
				CLANG_WARN_OBJC_ROOT_CLASS = YES_ERROR;
				CLANG_WARN_UNREACHABLE_CODE = YES;
				CLANG_WARN__DUPLICATE_METHOD_MATCH = YES;
				CODE_SIGN_IDENTITY = "-";
				COPY_PHASE_STRIP = NO;
				DEBUG_INFORMATION_FORMAT = "dwarf-with-dsym";
				ENABLE_NS_ASSERTIONS = NO;
				ENABLE_STRICT_OBJC_MSGSEND = YES;
				GCC_C_LANGUAGE_STANDARD = gnu99;
				GCC_NO_COMMON_BLOCKS = YES;
				GCC_WARN_64_TO_32_BIT_CONVERSION = YES;
				GCC_WARN_ABOUT_RETURN_TYPE = YES_ERROR;
				GCC_WARN_UNDECLARED_SELECTOR = YES;
				GCC_WARN_UNINITIALIZED_AUTOS = YES_AGGRESSIVE;
				GCC_WARN_UNUSED_FUNCTION = YES;
				GCC_WARN_UNUSED_VARIABLE = YES;
				MACOSX_DEPLOYMENT_TARGET = 10.11;
				MTL_ENABLE_DEBUG_INFO = NO;
				SDKROOT = macosx;
			};
			name = Release;
		};
		AAE0FF501D1B34DC0075D979 /* Debug */ = {
			isa = XCBuildConfiguration;
			buildSettings = {
				PRODUCT_NAME = "$(TARGET_NAME)";
			};
			name = Debug;
		};
		AAE0FF511D1B34DC0075D979 /* Release */ = {
			isa = XCBuildConfiguration;
			buildSettings = {
				PRODUCT_NAME = "$(TARGET_NAME)";
			};
			name = Release;
		};
/* End XCBuildConfiguration section */

/* Begin XCConfigurationList section */
		AAE0FF431D1B34DC0075D979 /* Build configuration list for PBXProject "MouseMaze" */ = {
			isa = XCConfigurationList;
			buildConfigurations = (
				AAE0FF4D1D1B34DC0075D979 /* Debug */,
				AAE0FF4E1D1B34DC0075D979 /* Release */,
			);
			defaultConfigurationIsVisible = 0;
			defaultConfigurationName = Release;
		};
		AAE0FF4F1D1B34DC0075D979 /* Build configuration list for PBXNativeTarget "MouseMaze" */ = {
			isa = XCConfigurationList;
			buildConfigurations = (
				AAE0FF501D1B34DC0075D979 /* Debug */,
				AAE0FF511D1B34DC0075D979 /* Release */,
			);
			defaultConfigurationIsVisible = 0;
			defaultConfigurationName = Release;
		};
/* End XCConfigurationList section */
	};
	rootObject = AAE0FF401D1B34DC0075D979 /* Project object */;
}
